
Microsoft Visual Studio Solution File, Format Version 12.00
# Visual Studio Version 17
VisualStudioVersion = 17.10.35013.160
MinimumVisualStudioVersion = 10.0.40219.1
Project("{FAE04EC0-301F-11D3-BF4B-00C04F79EFBC}") = "InstallMasterLib", "InstallMasterLib\InstallMasterLib.csproj", "{BFD11F3A-036C-4BD2-8EC5-A04014B219D8}"
EndProject
Project("{FAE04EC0-301F-11D3-BF4B-00C04F79EFBC}") = "InstallMasterConsole", "InstallMasterConsole\InstallMasterConsole.csproj", "{ED7CE0D7-1FE8-48AF-9D8C-9CB626B976B5}"
EndProject
Global
	GlobalSection(SolutionConfigurationPlatforms) = preSolution
		Debug|Any CPU = Debug|Any CPU
		Release|Any CPU = Release|Any CPU
	EndGlobalSection
	GlobalSection(ProjectConfigurationPlatforms) = postSolution
		{BFD11F3A-036C-4BD2-8EC5-A04014B219D8}.Debug|Any CPU.ActiveCfg = Debug|Any CPU
		{BFD11F3A-036C-4BD2-8EC5-A04014B219D8}.Debug|Any CPU.Build.0 = Debug|Any CPU
		{BFD11F3A-036C-4BD2-8EC5-A04014B219D8}.Release|Any CPU.ActiveCfg = Release|Any CPU
		{BFD11F3A-036C-4BD2-8EC5-A04014B219D8}.Release|Any CPU.Build.0 = Release|Any CPU
		{ED7CE0D7-1FE8-48AF-9D8C-9CB626B976B5}.Debug|Any CPU.ActiveCfg = Debug|Any CPU
		{ED7CE0D7-1FE8-48AF-9D8C-9CB626B976B5}.Debug|Any CPU.Build.0 = Debug|Any CPU
		{ED7CE0D7-1FE8-48AF-9D8C-9CB626B976B5}.Release|Any CPU.ActiveCfg = Release|Any CPU
		{ED7CE0D7-1FE8-48AF-9D8C-9CB626B976B5}.Release|Any CPU.Build.0 = Release|Any CPU
	EndGlobalSection
	GlobalSection(SolutionProperties) = preSolution
		HideSolutionNode = FALSE
	EndGlobalSection
	GlobalSection(ExtensibilityGlobals) = postSolution
		SolutionGuid = {DFB69C88-ECA8-4561-A300-97EC587F15A0}
	EndGlobalSection
EndGlobal
